
Microsoft Visual Studio Solution File, Format Version 12.00
# Visual Studio Version 17
VisualStudioVersion = 17.7.34221.43
MinimumVisualStudioVersion = 10.0.40219.1
Project("{8BC9CEB8-8B4A-11D0-8D11-00A0C91BC942}") = "lab52", "lab52\lab52.vcxproj", "{5919650E-51B9-4819-B898-AEEBDA05F019}"
EndProject
Project("{8BC9CEB8-8B4A-11D0-8D11-00A0C91BC942}") = "UnitTest1", "UnitTest1\UnitTest1.vcxproj", "{F2EF5261-5B9C-47AB-9B9B-76D79DE244F1}"
EndProject
Global
	GlobalSection(SolutionConfigurationPlatforms) = preSolution
		Debug|x64 = Debug|x64
		Debug|x86 = Debug|x86
		Release|x64 = Release|x64
		Release|x86 = Release|x86
	EndGlobalSection
	GlobalSection(ProjectConfigurationPlatforms) = postSolution
		{5919650E-51B9-4819-B898-AEEBDA05F019}.Debug|x64.ActiveCfg = Debug|x64
		{5919650E-51B9-4819-B898-AEEBDA05F019}.Debug|x64.Build.0 = Debug|x64
		{5919650E-51B9-4819-B898-AEEBDA05F019}.Debug|x86.ActiveCfg = Debug|Win32
		{5919650E-51B9-4819-B898-AEEBDA05F019}.Debug|x86.Build.0 = Debug|Win32
		{5919650E-51B9-4819-B898-AEEBDA05F019}.Release|x64.ActiveCfg = Release|x64
		{5919650E-51B9-4819-B898-AEEBDA05F019}.Release|x64.Build.0 = Release|x64
		{5919650E-51B9-4819-B898-AEEBDA05F019}.Release|x86.ActiveCfg = Release|Win32
		{5919650E-51B9-4819-B898-AEEBDA05F019}.Release|x86.Build.0 = Release|Win32
		{F2EF5261-5B9C-47AB-9B9B-76D79DE244F1}.Debug|x64.ActiveCfg = Debug|x64
		{F2EF5261-5B9C-47AB-9B9B-76D79DE244F1}.Debug|x64.Build.0 = Debug|x64
		{F2EF5261-5B9C-47AB-9B9B-76D79DE244F1}.Debug|x86.ActiveCfg = Debug|Win32
		{F2EF5261-5B9C-47AB-9B9B-76D79DE244F1}.Debug|x86.Build.0 = Debug|Win32
		{F2EF5261-5B9C-47AB-9B9B-76D79DE244F1}.Release|x64.ActiveCfg = Release|x64
		{F2EF5261-5B9C-47AB-9B9B-76D79DE244F1}.Release|x64.Build.0 = Release|x64
		{F2EF5261-5B9C-47AB-9B9B-76D79DE244F1}.Release|x86.ActiveCfg = Release|Win32
		{F2EF5261-5B9C-47AB-9B9B-76D79DE244F1}.Release|x86.Build.0 = Release|Win32
	EndGlobalSection
	GlobalSection(SolutionProperties) = preSolution
		HideSolutionNode = FALSE
	EndGlobalSection
	GlobalSection(ExtensibilityGlobals) = postSolution
		SolutionGuid = {17DACB15-58EE-430E-A0D9-1498F7F44740}
	EndGlobalSection
EndGlobal
